
Microsoft Visual Studio Solution File, Format Version 12.00
# Visual Studio Version 16
VisualStudioVersion = 16.0.31105.61
MinimumVisualStudioVersion = 10.0.40219.1
Project("{FAE04EC0-301F-11D3-BF4B-00C04F79EFBC}") = "Mafia.Android", "Mafia\Mafia.Android\Mafia.Android.csproj", "{7676B7E2-4B47-4784-9490-B53D9B90C87B}"
EndProject
Project("{FAE04EC0-301F-11D3-BF4B-00C04F79EFBC}") = "Mafia", "Mafia\Mafia\Mafia.csproj", "{111020F1-11B9-4839-9668-8167A4EDB2AE}"
EndProject
Global
	GlobalSection(SolutionConfigurationPlatforms) = preSolution
		Debug|Any CPU = Debug|Any CPU
		Release|Any CPU = Release|Any CPU
	EndGlobalSection
	GlobalSection(ProjectConfigurationPlatforms) = postSolution
		{7676B7E2-4B47-4784-9490-B53D9B90C87B}.Debug|Any CPU.ActiveCfg = Debug|Any CPU
		{7676B7E2-4B47-4784-9490-B53D9B90C87B}.Debug|Any CPU.Build.0 = Debug|Any CPU
		{7676B7E2-4B47-4784-9490-B53D9B90C87B}.Debug|Any CPU.Deploy.0 = Debug|Any CPU
		{7676B7E2-4B47-4784-9490-B53D9B90C87B}.Release|Any CPU.ActiveCfg = Release|Any CPU
		{7676B7E2-4B47-4784-9490-B53D9B90C87B}.Release|Any CPU.Build.0 = Release|Any CPU
		{7676B7E2-4B47-4784-9490-B53D9B90C87B}.Release|Any CPU.Deploy.0 = Release|Any CPU
		{111020F1-11B9-4839-9668-8167A4EDB2AE}.Debug|Any CPU.ActiveCfg = Debug|Any CPU
		{111020F1-11B9-4839-9668-8167A4EDB2AE}.Debug|Any CPU.Build.0 = Debug|Any CPU
		{111020F1-11B9-4839-9668-8167A4EDB2AE}.Debug|Any CPU.Deploy.0 = Debug|Any CPU
		{111020F1-11B9-4839-9668-8167A4EDB2AE}.Release|Any CPU.ActiveCfg = Release|Any CPU
		{111020F1-11B9-4839-9668-8167A4EDB2AE}.Release|Any CPU.Build.0 = Release|Any CPU
		{111020F1-11B9-4839-9668-8167A4EDB2AE}.Release|Any CPU.Deploy.0 = Release|Any CPU
	EndGlobalSection
	GlobalSection(SolutionProperties) = preSolution
		HideSolutionNode = FALSE
	EndGlobalSection
	GlobalSection(ExtensibilityGlobals) = postSolution
		SolutionGuid = {7D0896D9-B7CA-4929-B0E9-76E30E571137}
	EndGlobalSection
EndGlobal
